
Microsoft Visual Studio Solution File, Format Version 12.00
# Visual Studio Version 16
VisualStudioVersion = 16.0.30804.86
MinimumVisualStudioVersion = 10.0.40219.1
Project("{8BC9CEB8-8B4A-11D0-8D11-00A0C91BC942}") = "RoboSpeech", "RoboSpeech\RoboSpeech.vcxproj", "{619CCCF1-71D8-40DF-A515-08BC39397D3C}"
EndProject
Global
	GlobalSection(SolutionConfigurationPlatforms) = preSolution
		Debug|x64 = Debug|x64
		Release|x64 = Release|x64
	EndGlobalSection
	GlobalSection(ProjectConfigurationPlatforms) = postSolution
		{619CCCF1-71D8-40DF-A515-08BC39397D3C}.Debug|x64.ActiveCfg = Debug|x64
		{619CCCF1-71D8-40DF-A515-08BC39397D3C}.Debug|x64.Build.0 = Debug|x64
		{619CCCF1-71D8-40DF-A515-08BC39397D3C}.Release|x64.ActiveCfg = Release|x64
		{619CCCF1-71D8-40DF-A515-08BC39397D3C}.Release|x64.Build.0 = Release|x64
	EndGlobalSection
	GlobalSection(SolutionProperties) = preSolution
		HideSolutionNode = FALSE
	EndGlobalSection
	GlobalSection(ExtensibilityGlobals) = postSolution
		Qt5Version = 5.15.2_msvc2019_64
		SolutionGuid = {DF0FEE19-DDB8-47D5-B500-0903BF73B8A2}
	EndGlobalSection
EndGlobal
